
Microsoft Visual Studio Solution File, Format Version 12.00
# Visual Studio Version 17
VisualStudioVersion = 17.2.32519.379
MinimumVisualStudioVersion = 10.0.40219.1
Project("{8BC9CEB8-8B4A-11D0-8D11-00A0C91BC942}") = "Project1", "Project1.vcxproj", "{C7592D12-5536-421F-8112-F65286295F24}"
EndProject
Global
	GlobalSection(SolutionConfigurationPlatforms) = preSolution
		Debug|x64 = Debug|x64
		Debug|x86 = Debug|x86
		Release|x64 = Release|x64
		Release|x86 = Release|x86
	EndGlobalSection
	GlobalSection(ProjectConfigurationPlatforms) = postSolution
		{C7592D12-5536-421F-8112-F65286295F24}.Debug|x64.ActiveCfg = Debug|x64
		{C7592D12-5536-421F-8112-F65286295F24}.Debug|x64.Build.0 = Debug|x64
		{C7592D12-5536-421F-8112-F65286295F24}.Debug|x86.ActiveCfg = Debug|Win32
		{C7592D12-5536-421F-8112-F65286295F24}.Debug|x86.Build.0 = Debug|Win32
		{C7592D12-5536-421F-8112-F65286295F24}.Release|x64.ActiveCfg = Release|x64
		{C7592D12-5536-421F-8112-F65286295F24}.Release|x64.Build.0 = Release|x64
		{C7592D12-5536-421F-8112-F65286295F24}.Release|x86.ActiveCfg = Release|Win32
		{C7592D12-5536-421F-8112-F65286295F24}.Release|x86.Build.0 = Release|Win32
	EndGlobalSection
	GlobalSection(SolutionProperties) = preSolution
		HideSolutionNode = FALSE
	EndGlobalSection
	GlobalSection(ExtensibilityGlobals) = postSolution
		SolutionGuid = {94819B04-4CA5-4FAF-B92D-3CA8C82B826A}
	EndGlobalSection
EndGlobal
